
Microsoft Visual Studio Solution File, Format Version 12.00
# Visual Studio Version 17
VisualStudioVersion = 17.1.32328.378
MinimumVisualStudioVersion = 10.0.40219.1
Project("{FAE04EC0-301F-11D3-BF4B-00C04F79EFBC}") = "S6MauricioAnchala.Android", "S6MauricioAnchala.Android\S6MauricioAnchala.Android.csproj", "{804BD157-8459-40A4-B424-73DFC301A075}"
EndProject
Project("{FAE04EC0-301F-11D3-BF4B-00C04F79EFBC}") = "S6MauricioAnchala.iOS", "S6MauricioAnchala.iOS\S6MauricioAnchala.iOS.csproj", "{31ABD4B3-FA39-4107-8EDE-94FCF84BDAC7}"
EndProject
Project("{FAE04EC0-301F-11D3-BF4B-00C04F79EFBC}") = "S6MauricioAnchala", "S6MauricioAnchala\S6MauricioAnchala.csproj", "{285DACDC-552F-4B51-8380-C9E65BD4189A}"
EndProject
Global
	GlobalSection(SolutionConfigurationPlatforms) = preSolution
		Debug|Any CPU = Debug|Any CPU
		Debug|iPhone = Debug|iPhone
		Debug|iPhoneSimulator = Debug|iPhoneSimulator
		Release|Any CPU = Release|Any CPU
		Release|iPhone = Release|iPhone
		Release|iPhoneSimulator = Release|iPhoneSimulator
	EndGlobalSection
	GlobalSection(ProjectConfigurationPlatforms) = postSolution
		{804BD157-8459-40A4-B424-73DFC301A075}.Debug|Any CPU.ActiveCfg = Debug|Any CPU
		{804BD157-8459-40A4-B424-73DFC301A075}.Debug|Any CPU.Build.0 = Debug|Any CPU
		{804BD157-8459-40A4-B424-73DFC301A075}.Debug|Any CPU.Deploy.0 = Debug|Any CPU
		{804BD157-8459-40A4-B424-73DFC301A075}.Debug|iPhone.ActiveCfg = Debug|Any CPU
		{804BD157-8459-40A4-B424-73DFC301A075}.Debug|iPhone.Build.0 = Debug|Any CPU
		{804BD157-8459-40A4-B424-73DFC301A075}.Debug|iPhone.Deploy.0 = Debug|Any CPU
		{804BD157-8459-40A4-B424-73DFC301A075}.Debug|iPhoneSimulator.ActiveCfg = Debug|Any CPU
		{804BD157-8459-40A4-B424-73DFC301A075}.Debug|iPhoneSimulator.Build.0 = Debug|Any CPU
		{804BD157-8459-40A4-B424-73DFC301A075}.Debug|iPhoneSimulator.Deploy.0 = Debug|Any CPU
		{804BD157-8459-40A4-B424-73DFC301A075}.Release|Any CPU.ActiveCfg = Release|Any CPU
		{804BD157-8459-40A4-B424-73DFC301A075}.Release|Any CPU.Build.0 = Release|Any CPU
		{804BD157-8459-40A4-B424-73DFC301A075}.Release|Any CPU.Deploy.0 = Release|Any CPU
		{804BD157-8459-40A4-B424-73DFC301A075}.Release|iPhone.ActiveCfg = Release|Any CPU
		{804BD157-8459-40A4-B424-73DFC301A075}.Release|iPhone.Build.0 = Release|Any CPU
		{804BD157-8459-40A4-B424-73DFC301A075}.Release|iPhone.Deploy.0 = Release|Any CPU
		{804BD157-8459-40A4-B424-73DFC301A075}.Release|iPhoneSimulator.ActiveCfg = Release|Any CPU
		{804BD157-8459-40A4-B424-73DFC301A075}.Release|iPhoneSimulator.Build.0 = Release|Any CPU
		{804BD157-8459-40A4-B424-73DFC301A075}.Release|iPhoneSimulator.Deploy.0 = Release|Any CPU
		{31ABD4B3-FA39-4107-8EDE-94FCF84BDAC7}.Debug|Any CPU.ActiveCfg = Debug|iPhone
		{31ABD4B3-FA39-4107-8EDE-94FCF84BDAC7}.Debug|Any CPU.Build.0 = Debug|iPhone
		{31ABD4B3-FA39-4107-8EDE-94FCF84BDAC7}.Debug|Any CPU.Deploy.0 = Debug|iPhone
		{31ABD4B3-FA39-4107-8EDE-94FCF84BDAC7}.Debug|iPhone.ActiveCfg = Debug|iPhone
		{31ABD4B3-FA39-4107-8EDE-94FCF84BDAC7}.Debug|iPhone.Build.0 = Debug|iPhone
		{31ABD4B3-FA39-4107-8EDE-94FCF84BDAC7}.Debug|iPhone.Deploy.0 = Debug|iPhone
		{31ABD4B3-FA39-4107-8EDE-94FCF84BDAC7}.Debug|iPhoneSimulator.ActiveCfg = Debug|iPhoneSimulator
		{31ABD4B3-FA39-4107-8EDE-94FCF84BDAC7}.Debug|iPhoneSimulator.Build.0 = Debug|iPhoneSimulator
		{31ABD4B3-FA39-4107-8EDE-94FCF84BDAC7}.Debug|iPhoneSimulator.Deploy.0 = Debug|iPhoneSimulator
		{31ABD4B3-FA39-4107-8EDE-94FCF84BDAC7}.Release|Any CPU.ActiveCfg = Release|iPhoneSimulator
		{31ABD4B3-FA39-4107-8EDE-94FCF84BDAC7}.Release|Any CPU.Build.0 = Release|iPhoneSimulator
		{31ABD4B3-FA39-4107-8EDE-94FCF84BDAC7}.Release|Any CPU.Deploy.0 = Release|iPhoneSimulator
		{31ABD4B3-FA39-4107-8EDE-94FCF84BDAC7}.Release|iPhone.ActiveCfg = Release|iPhone
		{31ABD4B3-FA39-4107-8EDE-94FCF84BDAC7}.Release|iPhone.Build.0 = Release|iPhone
		{31ABD4B3-FA39-4107-8EDE-94FCF84BDAC7}.Release|iPhone.Deploy.0 = Release|iPhone
		{31ABD4B3-FA39-4107-8EDE-94FCF84BDAC7}.Release|iPhoneSimulator.ActiveCfg = Release|iPhoneSimulator
		{31ABD4B3-FA39-4107-8EDE-94FCF84BDAC7}.Release|iPhoneSimulator.Build.0 = Release|iPhoneSimulator
		{31ABD4B3-FA39-4107-8EDE-94FCF84BDAC7}.Release|iPhoneSimulator.Deploy.0 = Release|iPhoneSimulator
		{285DACDC-552F-4B51-8380-C9E65BD4189A}.Debug|Any CPU.ActiveCfg = Debug|Any CPU
		{285DACDC-552F-4B51-8380-C9E65BD4189A}.Debug|Any CPU.Build.0 = Debug|Any CPU
		{285DACDC-552F-4B51-8380-C9E65BD4189A}.Debug|Any CPU.Deploy.0 = Debug|Any CPU
		{285DACDC-552F-4B51-8380-C9E65BD4189A}.Debug|iPhone.ActiveCfg = Debug|Any CPU
		{285DACDC-552F-4B51-8380-C9E65BD4189A}.Debug|iPhone.Build.0 = Debug|Any CPU
		{285DACDC-552F-4B51-8380-C9E65BD4189A}.Debug|iPhone.Deploy.0 = Debug|Any CPU
		{285DACDC-552F-4B51-8380-C9E65BD4189A}.Debug|iPhoneSimulator.ActiveCfg = Debug|Any CPU
		{285DACDC-552F-4B51-8380-C9E65BD4189A}.Debug|iPhoneSimulator.Build.0 = Debug|Any CPU
		{285DACDC-552F-4B51-8380-C9E65BD4189A}.Debug|iPhoneSimulator.Deploy.0 = Debug|Any CPU
		{285DACDC-552F-4B51-8380-C9E65BD4189A}.Release|Any CPU.ActiveCfg = Release|Any CPU
		{285DACDC-552F-4B51-8380-C9E65BD4189A}.Release|Any CPU.Build.0 = Release|Any CPU
		{285DACDC-552F-4B51-8380-C9E65BD4189A}.Release|Any CPU.Deploy.0 = Release|Any CPU
		{285DACDC-552F-4B51-8380-C9E65BD4189A}.Release|iPhone.ActiveCfg = Release|Any CPU
		{285DACDC-552F-4B51-8380-C9E65BD4189A}.Release|iPhone.Build.0 = Release|Any CPU
		{285DACDC-552F-4B51-8380-C9E65BD4189A}.Release|iPhone.Deploy.0 = Release|Any CPU
		{285DACDC-552F-4B51-8380-C9E65BD4189A}.Release|iPhoneSimulator.ActiveCfg = Release|Any CPU
		{285DACDC-552F-4B51-8380-C9E65BD4189A}.Release|iPhoneSimulator.Build.0 = Release|Any CPU
		{285DACDC-552F-4B51-8380-C9E65BD4189A}.Release|iPhoneSimulator.Deploy.0 = Release|Any CPU
	EndGlobalSection
	GlobalSection(SolutionProperties) = preSolution
		HideSolutionNode = FALSE
	EndGlobalSection
	GlobalSection(ExtensibilityGlobals) = postSolution
		SolutionGuid = {C7BF1469-2EC4-4771-89F9-3FAE0A64997D}
	EndGlobalSection
EndGlobal
